// !$*UTF8*$!
{
	archiveVersion = 1;
	classes = {
	};
	objectVersion = 46;
	objects = {

/* Begin PBXBuildFile section */
		70D6820620747AA600A67524 /* AppDelegate.swift in Sources */ = {isa = PBXBuildFile; fileRef = 70D6820520747AA600A67524 /* AppDelegate.swift */; };
		70D6820820747AA600A67524 /* ViewController.swift in Sources */ = {isa = PBXBuildFile; fileRef = 70D6820720747AA600A67524 /* ViewController.swift */; };
		70D6820B20747AA600A67524 /* Main.storyboard in Resources */ = {isa = PBXBuildFile; fileRef = 70D6820920747AA600A67524 /* Main.storyboard */; };
		70D6820D20747AA600A67524 /* Assets.xcassets in Resources */ = {isa = PBXBuildFile; fileRef = 70D6820C20747AA600A67524 /* Assets.xcassets */; };
		70D6821020747AA600A67524 /* LaunchScreen.storyboard in Resources */ = {isa = PBXBuildFile; fileRef = 70D6820E20747AA600A67524 /* LaunchScreen.storyboard */; };
/* End PBXBuildFile section */

/* Begin PBXFileReference section */
		70D6820320747AA600A67524 /* 310GUI.app */ = {isa = PBXFileReference; explicitFileType = wrapper.application; includeInIndex = 0; path = 310GUI.app; sourceTree = BUILT_PRODUCTS_DIR; };
		70D6820520747AA600A67524 /* AppDelegate.swift */ = {isa = PBXFileReference; lastKnownFileType = sourcecode.swift; path = AppDelegate.swift; sourceTree = "<group>"; };
		70D6820720747AA600A67524 /* ViewController.swift */ = {isa = PBXFileReference; lastKnownFileType = sourcecode.swift; path = ViewController.swift; sourceTree = "<group>"; };
		70D6820A20747AA600A67524 /* Base */ = {isa = PBXFileReference; lastKnownFileType = file.storyboard; name = Base; path = Base.lproj/Main.storyboard; sourceTree = "<group>"; };
		70D6820C20747AA600A67524 /* Assets.xcassets */ = {isa = PBXFileReference; lastKnownFileType = folder.assetcatalog; path = Assets.xcassets; sourceTree = "<group>"; };
		70D6820F20747AA600A67524 /* Base */ = {isa = PBXFileReference; lastKnownFileType = file.storyboard; name = Base; path = Base.lproj/LaunchScreen.storyboard; sourceTree = "<group>"; };
		70D6821120747AA600A67524 /* Info.plist */ = {isa = PBXFileReference; lastKnownFileType = text.plist.xml; path = Info.plist; sourceTree = "<group>"; };
		FA5AB9691B77A30F007443C8 /* Info.plist */ = {isa = PBXFileReference; lastKnownFileType = text.plist.xml; path = Info.plist; sourceTree = "<group>"; };
		FA5AB96A1B77A30F007443C8 /* AppDelegate.swift */ = {isa = PBXFileReference; lastKnownFileType = sourcecode.swift; path = AppDelegate.swift; sourceTree = "<group>"; };
		FA5AB96F1B77A30F007443C8 /* Base */ = {isa = PBXFileReference; lastKnownFileType = file.storyboard; name = Base; path = Base.lproj/Main.storyboard; sourceTree = "<group>"; };
		FA5AB98A1B77A398007443C8 /* BluetoothSerial.swift */ = {isa = PBXFileReference; fileEncoding = 4; lastKnownFileType = sourcecode.swift; path = BluetoothSerial.swift; sourceTree = "<group>"; };
		FA62F58A1B8B85B2000479B6 /* Serial-Bridging-Header.h */ = {isa = PBXFileReference; lastKnownFileType = sourcecode.c.h; path = "Serial-Bridging-Header.h"; sourceTree = "<group>"; };
		FA62F58B1B8B85B3000479B6 /* MBProgressHUD.h */ = {isa = PBXFileReference; fileEncoding = 4; lastKnownFileType = sourcecode.c.h; path = MBProgressHUD.h; sourceTree = "<group>"; };
		FA62F58C1B8B85B3000479B6 /* MBProgressHUD.m */ = {isa = PBXFileReference; fileEncoding = 4; lastKnownFileType = sourcecode.c.objc; path = MBProgressHUD.m; sourceTree = "<group>"; };
		FA73A0351B78FEB0005EFDB6 /* SerialViewController.swift */ = {isa = PBXFileReference; fileEncoding = 4; lastKnownFileType = sourcecode.swift; path = SerialViewController.swift; sourceTree = "<group>"; };
		FA73A0391B790C33005EFDB6 /* PreferencesTableViewController.swift */ = {isa = PBXFileReference; fileEncoding = 4; lastKnownFileType = sourcecode.swift; path = PreferencesTableViewController.swift; sourceTree = "<group>"; };
		FA755D2F1B78B8FE00A902FE /* ScannerViewController.swift */ = {isa = PBXFileReference; fileEncoding = 4; lastKnownFileType = sourcecode.swift; path = ScannerViewController.swift; sourceTree = "<group>"; };
/* End PBXFileReference section */

/* Begin PBXFrameworksBuildPhase section */
		70D6820020747AA600A67524 /* Frameworks */ = {
			isa = PBXFrameworksBuildPhase;
			buildActionMask = 2147483647;
			files = (
			);
			runOnlyForDeploymentPostprocessing = 0;
		};
/* End PBXFrameworksBuildPhase section */

/* Begin PBXGroup section */
		70D6820420747AA600A67524 /* 310GUI */ = {
			isa = PBXGroup;
			children = (
				70D6820520747AA600A67524 /* AppDelegate.swift */,
				70D6820720747AA600A67524 /* ViewController.swift */,
				70D6820920747AA600A67524 /* Main.storyboard */,
				70D6820C20747AA600A67524 /* Assets.xcassets */,
				70D6820E20747AA600A67524 /* LaunchScreen.storyboard */,
				70D6821120747AA600A67524 /* Info.plist */,
			);
			path = 310GUI;
			sourceTree = "<group>";
		};
		FA5AB95C1B77A30E007443C8 = {
			isa = PBXGroup;
			children = (
				FA5AB9671B77A30E007443C8 /* 310GUI */,
				70D6820320747AA600A67524 /* 310GUI.app */,
				70D6820420747AA600A67524 /* 310GUI */,
			);
			sourceTree = "<group>";
		};
		FA5AB9671B77A30E007443C8 /* 310GUI */ = {
			isa = PBXGroup;
			children = (
				FA5AB96A1B77A30F007443C8 /* AppDelegate.swift */,
				FA73A0351B78FEB0005EFDB6 /* SerialViewController.swift */,
				FA755D2F1B78B8FE00A902FE /* ScannerViewController.swift */,
				FA73A0391B790C33005EFDB6 /* PreferencesTableViewController.swift */,
				FA5AB98A1B77A398007443C8 /* BluetoothSerial.swift */,
				FA62F58B1B8B85B3000479B6 /* MBProgressHUD.h */,
				FA62F58C1B8B85B3000479B6 /* MBProgressHUD.m */,
				FA5AB96E1B77A30F007443C8 /* Main.storyboard */,
				FA5AB9681B77A30E007443C8 /* Supporting Files */,
				FA62F58A1B8B85B2000479B6 /* Serial-Bridging-Header.h */,
			);
			path = 310GUI;
			sourceTree = "<group>";
		};
		FA5AB9681B77A30E007443C8 /* Supporting Files */ = {
			isa = PBXGroup;
			children = (
				FA5AB9691B77A30F007443C8 /* Info.plist */,
			);
			name = "Supporting Files";
			sourceTree = "<group>";
		};
/* End PBXGroup section */

/* Begin PBXNativeTarget section */
		70D6820220747AA600A67524 /* 310GUI */ = {
			isa = PBXNativeTarget;
			buildConfigurationList = 70D6821220747AA600A67524 /* Build configuration list for PBXNativeTarget "310GUI" */;
			buildPhases = (
				70D681FF20747AA600A67524 /* Sources */,
				70D6820020747AA600A67524 /* Frameworks */,
				70D6820120747AA600A67524 /* Resources */,
			);
			buildRules = (
			);
			dependencies = (
			);
			name = 310GUI;
			productName = 310GUI;
			productReference = 70D6820320747AA600A67524 /* 310GUI.app */;
			productType = "com.apple.product-type.application";
		};
/* End PBXNativeTarget section */

/* Begin PBXProject section */
		FA5AB95D1B77A30E007443C8 /* Project object */ = {
			isa = PBXProject;
			attributes = {
				LastSwiftMigration = 0700;
				LastSwiftUpdateCheck = 0900;
				LastUpgradeCheck = 0900;
				ORGANIZATIONNAME = keely;
				TargetAttributes = {
					70D6820220747AA600A67524 = {
						CreatedOnToolsVersion = 9.0.1;
						DevelopmentTeam = 7J798ZB7E4;
						ProvisioningStyle = Automatic;
					};
				};
			};
			buildConfigurationList = FA5AB9601B77A30E007443C8 /* Build configuration list for PBXProject "310GUI" */;
			compatibilityVersion = "Xcode 3.2";
			developmentRegion = English;
			hasScannedForEncodings = 0;
			knownRegions = (
				en,
				Base,
			);
			mainGroup = FA5AB95C1B77A30E007443C8;
			productRefGroup = FA5AB95C1B77A30E007443C8;
			projectDirPath = "";
			projectRoot = "";
			targets = (
				70D6820220747AA600A67524 /* 310GUI */,
			);
		};
/* End PBXProject section */

/* Begin PBXResourcesBuildPhase section */
		70D6820120747AA600A67524 /* Resources */ = {
			isa = PBXResourcesBuildPhase;
			buildActionMask = 2147483647;
			files = (
				70D6821020747AA600A67524 /* LaunchScreen.storyboard in Resources */,
				70D6820D20747AA600A67524 /* Assets.xcassets in Resources */,
				70D6820B20747AA600A67524 /* Main.storyboard in Resources */,
			);
			runOnlyForDeploymentPostprocessing = 0;
		};
/* End PBXResourcesBuildPhase section */

/* Begin PBXSourcesBuildPhase section */
		70D681FF20747AA600A67524 /* Sources */ = {
			isa = PBXSourcesBuildPhase;
			buildActionMask = 2147483647;
			files = (
				70D6820820747AA600A67524 /* ViewController.swift in Sources */,
				70D6820620747AA600A67524 /* AppDelegate.swift in Sources */,
			);
			runOnlyForDeploymentPostprocessing = 0;
		};
/* End PBXSourcesBuildPhase section */

/* Begin PBXVariantGroup section */
		70D6820920747AA600A67524 /* Main.storyboard */ = {
			isa = PBXVariantGroup;
			children = (
				70D6820A20747AA600A67524 /* Base */,
			);
			name = Main.storyboard;
			sourceTree = "<group>";
		};
		70D6820E20747AA600A67524 /* LaunchScreen.storyboard */ = {
			isa = PBXVariantGroup;
			children = (
				70D6820F20747AA600A67524 /* Base */,
			);
			name = LaunchScreen.storyboard;
			sourceTree = "<group>";
		};
		FA5AB96E1B77A30F007443C8 /* Main.storyboard */ = {
			isa = PBXVariantGroup;
			children = (
				FA5AB96F1B77A30F007443C8 /* Base */,
			);
			name = Main.storyboard;
			sourceTree = "<group>";
		};
/* End PBXVariantGroup section */

/* Begin XCBuildConfiguration section */
		70D6821320747AA600A67524 /* Debug */ = {
			isa = XCBuildConfiguration;
			buildSettings = {
				ASSETCATALOG_COMPILER_APPICON_NAME = AppIcon;
				CLANG_ANALYZER_NONNULL = YES;
				CLANG_ANALYZER_NUMBER_OBJECT_CONVERSION = YES_AGGRESSIVE;
				CLANG_CXX_LANGUAGE_STANDARD = "gnu++14";
				CLANG_WARN_DOCUMENTATION_COMMENTS = YES;
				CLANG_WARN_UNGUARDED_AVAILABILITY = YES_AGGRESSIVE;
				CODE_SIGN_IDENTITY = "iPhone Developer";
				CODE_SIGN_STYLE = Automatic;
				DEBUG_INFORMATION_FORMAT = dwarf;
				DEVELOPMENT_TEAM = 7J798ZB7E4;
				GCC_C_LANGUAGE_STANDARD = gnu11;
				INFOPLIST_FILE = 310GUI/Info.plist;
				IPHONEOS_DEPLOYMENT_TARGET = 10.0;
				LD_RUNPATH_SEARCH_PATHS = "$(inherited) @executable_path/Frameworks";
				PRODUCT_BUNDLE_IDENTIFIER = "spring2018.-10GUI";
				PRODUCT_NAME = "$(TARGET_NAME)";
				SWIFT_ACTIVE_COMPILATION_CONDITIONS = DEBUG;
				SWIFT_VERSION = 4.0;
				TARGETED_DEVICE_FAMILY = "1,2";
			};
			name = Debug;
		};
		70D6821420747AA600A67524 /* Release */ = {
			isa = XCBuildConfiguration;
			buildSettings = {
				ASSETCATALOG_COMPILER_APPICON_NAME = AppIcon;
				CLANG_ANALYZER_NONNULL = YES;
				CLANG_ANALYZER_NUMBER_OBJECT_CONVERSION = YES_AGGRESSIVE;
				CLANG_CXX_LANGUAGE_STANDARD = "gnu++14";
				CLANG_WARN_DOCUMENTATION_COMMENTS = YES;
				CLANG_WARN_UNGUARDED_AVAILABILITY = YES_AGGRESSIVE;
				CODE_SIGN_IDENTITY = "iPhone Developer";
				CODE_SIGN_STYLE = Automatic;
				DEVELOPMENT_TEAM = 7J798ZB7E4;
				GCC_C_LANGUAGE_STANDARD = gnu11;
				INFOPLIST_FILE = 310GUI/Info.plist;
				IPHONEOS_DEPLOYMENT_TARGET = 10.0;
				LD_RUNPATH_SEARCH_PATHS = "$(inherited) @executable_path/Frameworks";
				PRODUCT_BUNDLE_IDENTIFIER = "spring2018.-10GUI";
				PRODUCT_NAME = "$(TARGET_NAME)";
				SWIFT_VERSION = 4.0;
				TARGETED_DEVICE_FAMILY = "1,2";
			};
			name = Release;
		};
		FA5AB9821B77A30F007443C8 /* Debug */ = {
			isa = XCBuildConfiguration;
			buildSettings = {
				ALWAYS_SEARCH_USER_PATHS = NO;
				CLANG_CXX_LANGUAGE_STANDARD = "gnu++0x";
				CLANG_CXX_LIBRARY = "libc++";
				CLANG_ENABLE_MODULES = YES;
				CLANG_ENABLE_OBJC_ARC = YES;
				CLANG_WARN_BLOCK_CAPTURE_AUTORELEASING = YES;
				CLANG_WARN_BOOL_CONVERSION = YES;
				CLANG_WARN_COMMA = YES;
				CLANG_WARN_CONSTANT_CONVERSION = YES;
				CLANG_WARN_DIRECT_OBJC_ISA_USAGE = YES_ERROR;
				CLANG_WARN_EMPTY_BODY = YES;
				CLANG_WARN_ENUM_CONVERSION = YES;
				CLANG_WARN_INFINITE_RECURSION = YES;
				CLANG_WARN_INT_CONVERSION = YES;
				CLANG_WARN_NON_LITERAL_NULL_CONVERSION = YES;
				CLANG_WARN_OBJC_LITERAL_CONVERSION = YES;
				CLANG_WARN_OBJC_ROOT_CLASS = YES_ERROR;
				CLANG_WARN_RANGE_LOOP_ANALYSIS = YES;
				CLANG_WARN_STRICT_PROTOTYPES = YES;
				CLANG_WARN_SUSPICIOUS_MOVE = YES;
				CLANG_WARN_UNREACHABLE_CODE = YES;
				CLANG_WARN__DUPLICATE_METHOD_MATCH = YES;
				CODE_SIGN_IDENTITY = "iPhone Distribution: Alex van der Lugt (B22Z7NLA6E)";
				"CODE_SIGN_IDENTITY[sdk=iphoneos*]" = "iPhone Distribution: Alex van der Lugt (B22Z7NLA6E)";
				COPY_PHASE_STRIP = NO;
				DEBUG_INFORMATION_FORMAT = "dwarf-with-dsym";
				DEVELOPMENT_TEAM = B22Z7NLA6E;
				ENABLE_STRICT_OBJC_MSGSEND = YES;
				ENABLE_TESTABILITY = YES;
				GCC_C_LANGUAGE_STANDARD = gnu99;
				GCC_DYNAMIC_NO_PIC = NO;
				GCC_NO_COMMON_BLOCKS = YES;
				GCC_OPTIMIZATION_LEVEL = 0;
				GCC_PREPROCESSOR_DEFINITIONS = (
					"DEBUG=1",
					"$(inherited)",
				);
				GCC_SYMBOLS_PRIVATE_EXTERN = NO;
				GCC_WARN_64_TO_32_BIT_CONVERSION = YES;
				GCC_WARN_ABOUT_RETURN_TYPE = YES_ERROR;
				GCC_WARN_UNDECLARED_SELECTOR = YES;
				GCC_WARN_UNINITIALIZED_AUTOS = YES_AGGRESSIVE;
				GCC_WARN_UNUSED_FUNCTION = YES;
				GCC_WARN_UNUSED_VARIABLE = YES;
				IPHONEOS_DEPLOYMENT_TARGET = 8.4;
				MTL_ENABLE_DEBUG_INFO = YES;
				ONLY_ACTIVE_ARCH = YES;
				SDKROOT = iphoneos;
				SWIFT_OPTIMIZATION_LEVEL = "-Onone";
				TARGETED_DEVICE_FAMILY = "1,2";
			};
			name = Debug;
		};
		FA5AB9831B77A30F007443C8 /* Release */ = {
			isa = XCBuildConfiguration;
			buildSettings = {
				ALWAYS_SEARCH_USER_PATHS = NO;
				CLANG_CXX_LANGUAGE_STANDARD = "gnu++0x";
				CLANG_CXX_LIBRARY = "libc++";
				CLANG_ENABLE_MODULES = YES;
				CLANG_ENABLE_OBJC_ARC = YES;
				CLANG_WARN_BLOCK_CAPTURE_AUTORELEASING = YES;
				CLANG_WARN_BOOL_CONVERSION = YES;
				CLANG_WARN_COMMA = YES;
				CLANG_WARN_CONSTANT_CONVERSION = YES;
				CLANG_WARN_DIRECT_OBJC_ISA_USAGE = YES_ERROR;
				CLANG_WARN_EMPTY_BODY = YES;
				CLANG_WARN_ENUM_CONVERSION = YES;
				CLANG_WARN_INFINITE_RECURSION = YES;
				CLANG_WARN_INT_CONVERSION = YES;
				CLANG_WARN_NON_LITERAL_NULL_CONVERSION = YES;
				CLANG_WARN_OBJC_LITERAL_CONVERSION = YES;
				CLANG_WARN_OBJC_ROOT_CLASS = YES_ERROR;
				CLANG_WARN_RANGE_LOOP_ANALYSIS = YES;
				CLANG_WARN_STRICT_PROTOTYPES = YES;
				CLANG_WARN_SUSPICIOUS_MOVE = YES;
				CLANG_WARN_UNREACHABLE_CODE = YES;
				CLANG_WARN__DUPLICATE_METHOD_MATCH = YES;
				CODE_SIGN_IDENTITY = "iPhone Distribution: Alex van der Lugt (B22Z7NLA6E)";
				"CODE_SIGN_IDENTITY[sdk=iphoneos*]" = "iPhone Distribution: Alex van der Lugt (B22Z7NLA6E)";
				COPY_PHASE_STRIP = NO;
				DEBUG_INFORMATION_FORMAT = "dwarf-with-dsym";
				DEVELOPMENT_TEAM = B22Z7NLA6E;
				ENABLE_NS_ASSERTIONS = NO;
				ENABLE_STRICT_OBJC_MSGSEND = YES;
				GCC_C_LANGUAGE_STANDARD = gnu99;
				GCC_NO_COMMON_BLOCKS = YES;
				GCC_WARN_64_TO_32_BIT_CONVERSION = YES;
				GCC_WARN_ABOUT_RETURN_TYPE = YES_ERROR;
				GCC_WARN_UNDECLARED_SELECTOR = YES;
				GCC_WARN_UNINITIALIZED_AUTOS = YES_AGGRESSIVE;
				GCC_WARN_UNUSED_FUNCTION = YES;
				GCC_WARN_UNUSED_VARIABLE = YES;
				IPHONEOS_DEPLOYMENT_TARGET = 8.4;
				MTL_ENABLE_DEBUG_INFO = NO;
				SDKROOT = iphoneos;
				SWIFT_OPTIMIZATION_LEVEL = "-Owholemodule";
				TARGETED_DEVICE_FAMILY = "1,2";
				VALIDATE_PRODUCT = YES;
			};
			name = Release;
		};
/* End XCBuildConfiguration section */

/* Begin XCConfigurationList section */
		70D6821220747AA600A67524 /* Build configuration list for PBXNativeTarget "310GUI" */ = {
			isa = XCConfigurationList;
			buildConfigurations = (
				70D6821320747AA600A67524 /* Debug */,
				70D6821420747AA600A67524 /* Release */,
			);
			defaultConfigurationIsVisible = 0;
			defaultConfigurationName = Release;
		};
		FA5AB9601B77A30E007443C8 /* Build configuration list for PBXProject "310GUI" */ = {
			isa = XCConfigurationList;
			buildConfigurations = (
				FA5AB9821B77A30F007443C8 /* Debug */,
				FA5AB9831B77A30F007443C8 /* Release */,
			);
			defaultConfigurationIsVisible = 0;
			defaultConfigurationName = Release;
		};
/* End XCConfigurationList section */
	};
	rootObject = FA5AB95D1B77A30E007443C8 /* Project object */;
}
